
Microsoft Visual Studio Solution File, Format Version 11.00
# Visual Studio 2010
Project("{8BC9CEB8-8B4A-11D0-8D11-00A0C91BC942}") = "ex1", "ex1\ex1\ex1.vcxproj", "{2EA49549-5F4E-42AE-8F5E-152B4546F619}"
EndProject
Project("{8BC9CEB8-8B4A-11D0-8D11-00A0C91BC942}") = "ex2", "ex2\ex2\ex2.vcxproj", "{8756886E-AE3F-425F-9D20-04D6048D62D5}"
EndProject
Project("{8BC9CEB8-8B4A-11D0-8D11-00A0C91BC942}") = "ex2.3", "ex2\ex2.3\ex2.3.vcxproj", "{B9776AD7-E140-406A-95B2-D0BFAF6D04BF}"
EndProject
Project("{8BC9CEB8-8B4A-11D0-8D11-00A0C91BC942}") = "ex2.10", "ex2\ex2.10\ex2.10.vcxproj", "{CB57A1DD-3024-479B-87B2-50311DED7DE9}"
EndProject
Project("{8BC9CEB8-8B4A-11D0-8D11-00A0C91BC942}") = "ex3", "ex3\ex3\ex3.vcxproj", "{042BCC30-DF4A-40DD-B3E4-96FC51EBBA8D}"
EndProject
Project("{8BC9CEB8-8B4A-11D0-8D11-00A0C91BC942}") = "metaFuncTest", "ex3\metaFuncTest\metaFuncTest.vcxproj", "{9F0E75E8-2F8E-43E5-961D-F06214042E51}"
EndProject
Project("{8BC9CEB8-8B4A-11D0-8D11-00A0C91BC942}") = "Prac3.0", "ex3\Prac3.0\Prac3.0.vcxproj", "{D9B00772-4B78-49EB-9CF7-EFD51F405AB3}"
EndProject
Project("{8BC9CEB8-8B4A-11D0-8D11-00A0C91BC942}") = "Prac3.1", "ex3\Prac3.1\Prac3.1.vcxproj", "{7A22DBB2-EEA6-4707-AB36-C5656F524E78}"
EndProject
Project("{8BC9CEB8-8B4A-11D0-8D11-00A0C91BC942}") = "Prac3.3", "ex3\Prac3.3\Prac3.3.vcxproj", "{4FC08A9A-5106-4D45-AE76-65C0B1DDE590}"
EndProject
Project("{8BC9CEB8-8B4A-11D0-8D11-00A0C91BC942}") = "Prac3.4", "ex3\Prac3.4\Prac3.4.vcxproj", "{F88E0CA3-A9A4-4E1D-AD98-7C3475FF2DBB}"
EndProject
Project("{8BC9CEB8-8B4A-11D0-8D11-00A0C91BC942}") = "Prac3.5", "ex3\Prac3.5\Prac3.5.vcxproj", "{D57D16A1-D560-43A3-B4BC-B8EFE2ABD05B}"
EndProject
Project("{8BC9CEB8-8B4A-11D0-8D11-00A0C91BC942}") = "Ex4", "Ex4\Ex4\Ex4.vcxproj", "{B7902513-2B27-4CA3-80FA-8827B574D5E1}"
EndProject
Project("{8BC9CEB8-8B4A-11D0-8D11-00A0C91BC942}") = "Prac4.0", "Ex4\Prac4.0\Prac4.0.vcxproj", "{1D9780B9-316A-442D-A369-B9F921CA45C1}"
EndProject
Project("{8BC9CEB8-8B4A-11D0-8D11-00A0C91BC942}") = "prac4.1", "Ex4\prac4.1\prac4.1.vcxproj", "{37F0BB32-9B0D-4909-940E-E231FFBCE23D}"
EndProject
Project("{8BC9CEB8-8B4A-11D0-8D11-00A0C91BC942}") = "Prac4.2", "Ex4\Prac4.2\Prac4.2.vcxproj", "{9A17215D-9D0C-4CD4-AACD-1760F7680941}"
EndProject
Project("{8BC9CEB8-8B4A-11D0-8D11-00A0C91BC942}") = "Prac4.3", "Ex4\Prac4.3\Prac4.3.vcxproj", "{2B23E924-3EEE-455F-9BD6-6CB5DCF3096D}"
EndProject
Project("{8BC9CEB8-8B4A-11D0-8D11-00A0C91BC942}") = "Prac4.4", "Ex4\Prac4.4\Prac4.4.vcxproj", "{BEAB9D04-5DFA-486F-AD12-7C02DBABE25F}"
EndProject
Project("{8BC9CEB8-8B4A-11D0-8D11-00A0C91BC942}") = "Ex5", "Ex5\Ex5\Ex5.vcxproj", "{E12E6826-C08D-4B86-AE52-6407EFCA8CD8}"
EndProject
Project("{8BC9CEB8-8B4A-11D0-8D11-00A0C91BC942}") = "Prac5.1", "Ex5\Prac5.1\Prac5.1.vcxproj", "{4E318786-B67D-4D64-99CE-DEB5109D8E59}"
EndProject
Project("{8BC9CEB8-8B4A-11D0-8D11-00A0C91BC942}") = "Prac5.2", "Ex5\Prac5.2\Prac5.2.vcxproj", "{1B54D751-7DF0-4039-8519-8CEC9FDB7AF4}"
EndProject
Project("{8BC9CEB8-8B4A-11D0-8D11-00A0C91BC942}") = "Prac5.6", "Ex5\Prac5.6\Prac5.6.vcxproj", "{D78B6E68-1E9B-44A8-8EC3-B5E93494B209}"
EndProject
Project("{8BC9CEB8-8B4A-11D0-8D11-00A0C91BC942}") = "Prac5.8", "Ex5\Prac5.8\Prac5.8.vcxproj", "{299B0DA7-C215-4C63-88BB-B01C44C7569D}"
EndProject
Project("{8BC9CEB8-8B4A-11D0-8D11-00A0C91BC942}") = "Ex6", "Ex6\Ex6\Ex6.vcxproj", "{103BA957-6008-49FD-8010-F4DF314BC874}"
EndProject
Project("{8BC9CEB8-8B4A-11D0-8D11-00A0C91BC942}") = "Prac6.0", "Ex6\Prac6.0\Prac6.0.vcxproj", "{66E284D9-DCB8-4A44-AD9B-C67A22C8716C}"
EndProject
Project("{8BC9CEB8-8B4A-11D0-8D11-00A0C91BC942}") = "Prac6.3", "Ex6\Prac6.3\Prac6.3.vcxproj", "{3ACCB9D4-5FE5-46D4-92EA-08D61880D53D}"
EndProject
Project("{8BC9CEB8-8B4A-11D0-8D11-00A0C91BC942}") = "Ex7", "Ex7\Ex7\Ex7.vcxproj", "{1AF8AF95-7557-4E3A-8DF3-1AD3E2490D57}"
EndProject
Global
	GlobalSection(SolutionConfigurationPlatforms) = preSolution
		Debug|Win32 = Debug|Win32
		Release|Win32 = Release|Win32
	EndGlobalSection
	GlobalSection(ProjectConfigurationPlatforms) = postSolution
		{2EA49549-5F4E-42AE-8F5E-152B4546F619}.Debug|Win32.ActiveCfg = Debug|Win32
		{2EA49549-5F4E-42AE-8F5E-152B4546F619}.Debug|Win32.Build.0 = Debug|Win32
		{2EA49549-5F4E-42AE-8F5E-152B4546F619}.Release|Win32.ActiveCfg = Release|Win32
		{2EA49549-5F4E-42AE-8F5E-152B4546F619}.Release|Win32.Build.0 = Release|Win32
		{8756886E-AE3F-425F-9D20-04D6048D62D5}.Debug|Win32.ActiveCfg = Debug|Win32
		{8756886E-AE3F-425F-9D20-04D6048D62D5}.Debug|Win32.Build.0 = Debug|Win32
		{8756886E-AE3F-425F-9D20-04D6048D62D5}.Release|Win32.ActiveCfg = Release|Win32
		{8756886E-AE3F-425F-9D20-04D6048D62D5}.Release|Win32.Build.0 = Release|Win32
		{B9776AD7-E140-406A-95B2-D0BFAF6D04BF}.Debug|Win32.ActiveCfg = Debug|Win32
		{B9776AD7-E140-406A-95B2-D0BFAF6D04BF}.Debug|Win32.Build.0 = Debug|Win32
		{B9776AD7-E140-406A-95B2-D0BFAF6D04BF}.Release|Win32.ActiveCfg = Release|Win32
		{B9776AD7-E140-406A-95B2-D0BFAF6D04BF}.Release|Win32.Build.0 = Release|Win32
		{CB57A1DD-3024-479B-87B2-50311DED7DE9}.Debug|Win32.ActiveCfg = Debug|Win32
		{CB57A1DD-3024-479B-87B2-50311DED7DE9}.Debug|Win32.Build.0 = Debug|Win32
		{CB57A1DD-3024-479B-87B2-50311DED7DE9}.Release|Win32.ActiveCfg = Release|Win32
		{CB57A1DD-3024-479B-87B2-50311DED7DE9}.Release|Win32.Build.0 = Release|Win32
		{042BCC30-DF4A-40DD-B3E4-96FC51EBBA8D}.Debug|Win32.ActiveCfg = Debug|Win32
		{042BCC30-DF4A-40DD-B3E4-96FC51EBBA8D}.Debug|Win32.Build.0 = Debug|Win32
		{042BCC30-DF4A-40DD-B3E4-96FC51EBBA8D}.Release|Win32.ActiveCfg = Release|Win32
		{042BCC30-DF4A-40DD-B3E4-96FC51EBBA8D}.Release|Win32.Build.0 = Release|Win32
		{9F0E75E8-2F8E-43E5-961D-F06214042E51}.Debug|Win32.ActiveCfg = Debug|Win32
		{9F0E75E8-2F8E-43E5-961D-F06214042E51}.Debug|Win32.Build.0 = Debug|Win32
		{9F0E75E8-2F8E-43E5-961D-F06214042E51}.Release|Win32.ActiveCfg = Release|Win32
		{9F0E75E8-2F8E-43E5-961D-F06214042E51}.Release|Win32.Build.0 = Release|Win32
		{D9B00772-4B78-49EB-9CF7-EFD51F405AB3}.Debug|Win32.ActiveCfg = Debug|Win32
		{D9B00772-4B78-49EB-9CF7-EFD51F405AB3}.Debug|Win32.Build.0 = Debug|Win32
		{D9B00772-4B78-49EB-9CF7-EFD51F405AB3}.Release|Win32.ActiveCfg = Release|Win32
		{D9B00772-4B78-49EB-9CF7-EFD51F405AB3}.Release|Win32.Build.0 = Release|Win32
		{7A22DBB2-EEA6-4707-AB36-C5656F524E78}.Debug|Win32.ActiveCfg = Debug|Win32
		{7A22DBB2-EEA6-4707-AB36-C5656F524E78}.Debug|Win32.Build.0 = Debug|Win32
		{7A22DBB2-EEA6-4707-AB36-C5656F524E78}.Release|Win32.ActiveCfg = Release|Win32
		{7A22DBB2-EEA6-4707-AB36-C5656F524E78}.Release|Win32.Build.0 = Release|Win32
		{4FC08A9A-5106-4D45-AE76-65C0B1DDE590}.Debug|Win32.ActiveCfg = Debug|Win32
		{4FC08A9A-5106-4D45-AE76-65C0B1DDE590}.Debug|Win32.Build.0 = Debug|Win32
		{4FC08A9A-5106-4D45-AE76-65C0B1DDE590}.Release|Win32.ActiveCfg = Release|Win32
		{4FC08A9A-5106-4D45-AE76-65C0B1DDE590}.Release|Win32.Build.0 = Release|Win32
		{F88E0CA3-A9A4-4E1D-AD98-7C3475FF2DBB}.Debug|Win32.ActiveCfg = Debug|Win32
		{F88E0CA3-A9A4-4E1D-AD98-7C3475FF2DBB}.Debug|Win32.Build.0 = Debug|Win32
		{F88E0CA3-A9A4-4E1D-AD98-7C3475FF2DBB}.Release|Win32.ActiveCfg = Release|Win32
		{F88E0CA3-A9A4-4E1D-AD98-7C3475FF2DBB}.Release|Win32.Build.0 = Release|Win32
		{D57D16A1-D560-43A3-B4BC-B8EFE2ABD05B}.Debug|Win32.ActiveCfg = Debug|Win32
		{D57D16A1-D560-43A3-B4BC-B8EFE2ABD05B}.Debug|Win32.Build.0 = Debug|Win32
		{D57D16A1-D560-43A3-B4BC-B8EFE2ABD05B}.Release|Win32.ActiveCfg = Release|Win32
		{D57D16A1-D560-43A3-B4BC-B8EFE2ABD05B}.Release|Win32.Build.0 = Release|Win32
		{B7902513-2B27-4CA3-80FA-8827B574D5E1}.Debug|Win32.ActiveCfg = Debug|Win32
		{B7902513-2B27-4CA3-80FA-8827B574D5E1}.Debug|Win32.Build.0 = Debug|Win32
		{B7902513-2B27-4CA3-80FA-8827B574D5E1}.Release|Win32.ActiveCfg = Release|Win32
		{B7902513-2B27-4CA3-80FA-8827B574D5E1}.Release|Win32.Build.0 = Release|Win32
		{1D9780B9-316A-442D-A369-B9F921CA45C1}.Debug|Win32.ActiveCfg = Debug|Win32
		{1D9780B9-316A-442D-A369-B9F921CA45C1}.Debug|Win32.Build.0 = Debug|Win32
		{1D9780B9-316A-442D-A369-B9F921CA45C1}.Release|Win32.ActiveCfg = Release|Win32
		{1D9780B9-316A-442D-A369-B9F921CA45C1}.Release|Win32.Build.0 = Release|Win32
		{37F0BB32-9B0D-4909-940E-E231FFBCE23D}.Debug|Win32.ActiveCfg = Debug|Win32
		{37F0BB32-9B0D-4909-940E-E231FFBCE23D}.Debug|Win32.Build.0 = Debug|Win32
		{37F0BB32-9B0D-4909-940E-E231FFBCE23D}.Release|Win32.ActiveCfg = Release|Win32
		{37F0BB32-9B0D-4909-940E-E231FFBCE23D}.Release|Win32.Build.0 = Release|Win32
		{9A17215D-9D0C-4CD4-AACD-1760F7680941}.Debug|Win32.ActiveCfg = Debug|Win32
		{9A17215D-9D0C-4CD4-AACD-1760F7680941}.Debug|Win32.Build.0 = Debug|Win32
		{9A17215D-9D0C-4CD4-AACD-1760F7680941}.Release|Win32.ActiveCfg = Release|Win32
		{9A17215D-9D0C-4CD4-AACD-1760F7680941}.Release|Win32.Build.0 = Release|Win32
		{2B23E924-3EEE-455F-9BD6-6CB5DCF3096D}.Debug|Win32.ActiveCfg = Debug|Win32
		{2B23E924-3EEE-455F-9BD6-6CB5DCF3096D}.Debug|Win32.Build.0 = Debug|Win32
		{2B23E924-3EEE-455F-9BD6-6CB5DCF3096D}.Release|Win32.ActiveCfg = Release|Win32
		{2B23E924-3EEE-455F-9BD6-6CB5DCF3096D}.Release|Win32.Build.0 = Release|Win32
		{BEAB9D04-5DFA-486F-AD12-7C02DBABE25F}.Debug|Win32.ActiveCfg = Debug|Win32
		{BEAB9D04-5DFA-486F-AD12-7C02DBABE25F}.Debug|Win32.Build.0 = Debug|Win32
		{BEAB9D04-5DFA-486F-AD12-7C02DBABE25F}.Release|Win32.ActiveCfg = Release|Win32
		{BEAB9D04-5DFA-486F-AD12-7C02DBABE25F}.Release|Win32.Build.0 = Release|Win32
		{E12E6826-C08D-4B86-AE52-6407EFCA8CD8}.Debug|Win32.ActiveCfg = Debug|Win32
		{E12E6826-C08D-4B86-AE52-6407EFCA8CD8}.Debug|Win32.Build.0 = Debug|Win32
		{E12E6826-C08D-4B86-AE52-6407EFCA8CD8}.Release|Win32.ActiveCfg = Release|Win32
		{E12E6826-C08D-4B86-AE52-6407EFCA8CD8}.Release|Win32.Build.0 = Release|Win32
		{4E318786-B67D-4D64-99CE-DEB5109D8E59}.Debug|Win32.ActiveCfg = Debug|Win32
		{4E318786-B67D-4D64-99CE-DEB5109D8E59}.Debug|Win32.Build.0 = Debug|Win32
		{4E318786-B67D-4D64-99CE-DEB5109D8E59}.Release|Win32.ActiveCfg = Release|Win32
		{4E318786-B67D-4D64-99CE-DEB5109D8E59}.Release|Win32.Build.0 = Release|Win32
		{1B54D751-7DF0-4039-8519-8CEC9FDB7AF4}.Debug|Win32.ActiveCfg = Debug|Win32
		{1B54D751-7DF0-4039-8519-8CEC9FDB7AF4}.Debug|Win32.Build.0 = Debug|Win32
		{1B54D751-7DF0-4039-8519-8CEC9FDB7AF4}.Release|Win32.ActiveCfg = Release|Win32
		{1B54D751-7DF0-4039-8519-8CEC9FDB7AF4}.Release|Win32.Build.0 = Release|Win32
		{D78B6E68-1E9B-44A8-8EC3-B5E93494B209}.Debug|Win32.ActiveCfg = Debug|Win32
		{D78B6E68-1E9B-44A8-8EC3-B5E93494B209}.Debug|Win32.Build.0 = Debug|Win32
		{D78B6E68-1E9B-44A8-8EC3-B5E93494B209}.Release|Win32.ActiveCfg = Release|Win32
		{D78B6E68-1E9B-44A8-8EC3-B5E93494B209}.Release|Win32.Build.0 = Release|Win32
		{299B0DA7-C215-4C63-88BB-B01C44C7569D}.Debug|Win32.ActiveCfg = Debug|Win32
		{299B0DA7-C215-4C63-88BB-B01C44C7569D}.Debug|Win32.Build.0 = Debug|Win32
		{299B0DA7-C215-4C63-88BB-B01C44C7569D}.Release|Win32.ActiveCfg = Release|Win32
		{299B0DA7-C215-4C63-88BB-B01C44C7569D}.Release|Win32.Build.0 = Release|Win32
		{103BA957-6008-49FD-8010-F4DF314BC874}.Debug|Win32.ActiveCfg = Debug|Win32
		{103BA957-6008-49FD-8010-F4DF314BC874}.Debug|Win32.Build.0 = Debug|Win32
		{103BA957-6008-49FD-8010-F4DF314BC874}.Release|Win32.ActiveCfg = Release|Win32
		{103BA957-6008-49FD-8010-F4DF314BC874}.Release|Win32.Build.0 = Release|Win32
		{66E284D9-DCB8-4A44-AD9B-C67A22C8716C}.Debug|Win32.ActiveCfg = Debug|Win32
		{66E284D9-DCB8-4A44-AD9B-C67A22C8716C}.Debug|Win32.Build.0 = Debug|Win32
		{66E284D9-DCB8-4A44-AD9B-C67A22C8716C}.Release|Win32.ActiveCfg = Release|Win32
		{66E284D9-DCB8-4A44-AD9B-C67A22C8716C}.Release|Win32.Build.0 = Release|Win32
		{3ACCB9D4-5FE5-46D4-92EA-08D61880D53D}.Debug|Win32.ActiveCfg = Debug|Win32
		{3ACCB9D4-5FE5-46D4-92EA-08D61880D53D}.Debug|Win32.Build.0 = Debug|Win32
		{3ACCB9D4-5FE5-46D4-92EA-08D61880D53D}.Release|Win32.ActiveCfg = Release|Win32
		{3ACCB9D4-5FE5-46D4-92EA-08D61880D53D}.Release|Win32.Build.0 = Release|Win32
		{1AF8AF95-7557-4E3A-8DF3-1AD3E2490D57}.Debug|Win32.ActiveCfg = Debug|Win32
		{1AF8AF95-7557-4E3A-8DF3-1AD3E2490D57}.Debug|Win32.Build.0 = Debug|Win32
		{1AF8AF95-7557-4E3A-8DF3-1AD3E2490D57}.Release|Win32.ActiveCfg = Release|Win32
		{1AF8AF95-7557-4E3A-8DF3-1AD3E2490D57}.Release|Win32.Build.0 = Release|Win32
	EndGlobalSection
	GlobalSection(SolutionProperties) = preSolution
		HideSolutionNode = FALSE
	EndGlobalSection
EndGlobal
