
Microsoft Visual Studio Solution File, Format Version 11.00
# Visual Studio 2010
Project("{8BC9CEB8-8B4A-11D0-8D11-00A0C91BC942}") = "Ex5", "Ex5\Ex5.vcxproj", "{E12E6826-C08D-4B86-AE52-6407EFCA8CD8}"
EndProject
Project("{8BC9CEB8-8B4A-11D0-8D11-00A0C91BC942}") = "Prac5.1", "Prac5.1\Prac5.1.vcxproj", "{4E318786-B67D-4D64-99CE-DEB5109D8E59}"
EndProject
Project("{8BC9CEB8-8B4A-11D0-8D11-00A0C91BC942}") = "Prac5.2", "Prac5.2\Prac5.2.vcxproj", "{1B54D751-7DF0-4039-8519-8CEC9FDB7AF4}"
EndProject
Project("{8BC9CEB8-8B4A-11D0-8D11-00A0C91BC942}") = "Prac5.6", "Prac5.6\Prac5.6.vcxproj", "{D78B6E68-1E9B-44A8-8EC3-B5E93494B209}"
EndProject
Project("{8BC9CEB8-8B4A-11D0-8D11-00A0C91BC942}") = "Prac5.8", "Prac5.8\Prac5.8.vcxproj", "{299B0DA7-C215-4C63-88BB-B01C44C7569D}"
EndProject
Global
	GlobalSection(SolutionConfigurationPlatforms) = preSolution
		Debug|Win32 = Debug|Win32
		Release|Win32 = Release|Win32
	EndGlobalSection
	GlobalSection(ProjectConfigurationPlatforms) = postSolution
		{E12E6826-C08D-4B86-AE52-6407EFCA8CD8}.Debug|Win32.ActiveCfg = Debug|Win32
		{E12E6826-C08D-4B86-AE52-6407EFCA8CD8}.Debug|Win32.Build.0 = Debug|Win32
		{E12E6826-C08D-4B86-AE52-6407EFCA8CD8}.Release|Win32.ActiveCfg = Release|Win32
		{E12E6826-C08D-4B86-AE52-6407EFCA8CD8}.Release|Win32.Build.0 = Release|Win32
		{4E318786-B67D-4D64-99CE-DEB5109D8E59}.Debug|Win32.ActiveCfg = Debug|Win32
		{4E318786-B67D-4D64-99CE-DEB5109D8E59}.Debug|Win32.Build.0 = Debug|Win32
		{4E318786-B67D-4D64-99CE-DEB5109D8E59}.Release|Win32.ActiveCfg = Release|Win32
		{4E318786-B67D-4D64-99CE-DEB5109D8E59}.Release|Win32.Build.0 = Release|Win32
		{1B54D751-7DF0-4039-8519-8CEC9FDB7AF4}.Debug|Win32.ActiveCfg = Debug|Win32
		{1B54D751-7DF0-4039-8519-8CEC9FDB7AF4}.Debug|Win32.Build.0 = Debug|Win32
		{1B54D751-7DF0-4039-8519-8CEC9FDB7AF4}.Release|Win32.ActiveCfg = Release|Win32
		{1B54D751-7DF0-4039-8519-8CEC9FDB7AF4}.Release|Win32.Build.0 = Release|Win32
		{D78B6E68-1E9B-44A8-8EC3-B5E93494B209}.Debug|Win32.ActiveCfg = Debug|Win32
		{D78B6E68-1E9B-44A8-8EC3-B5E93494B209}.Debug|Win32.Build.0 = Debug|Win32
		{D78B6E68-1E9B-44A8-8EC3-B5E93494B209}.Release|Win32.ActiveCfg = Release|Win32
		{D78B6E68-1E9B-44A8-8EC3-B5E93494B209}.Release|Win32.Build.0 = Release|Win32
		{299B0DA7-C215-4C63-88BB-B01C44C7569D}.Debug|Win32.ActiveCfg = Debug|Win32
		{299B0DA7-C215-4C63-88BB-B01C44C7569D}.Debug|Win32.Build.0 = Debug|Win32
		{299B0DA7-C215-4C63-88BB-B01C44C7569D}.Release|Win32.ActiveCfg = Release|Win32
		{299B0DA7-C215-4C63-88BB-B01C44C7569D}.Release|Win32.Build.0 = Release|Win32
	EndGlobalSection
	GlobalSection(SolutionProperties) = preSolution
		HideSolutionNode = FALSE
	EndGlobalSection
EndGlobal
